uuid: 49794550-3f24-41a1-a0f2-b44dc32a5263
langcode: en
status: true
dependencies:
  module:
    - rsvplist
  theme:
    - simplesmart
id: simplesmart_thersvpblock
theme: simplesmart
region: content
weight: 1
provider: null
plugin: rsvp_block
settings:
  id: rsvp_block
  label: 'The RSVP Block'
  label_display: visible
  provider: rsvplist
visibility: {  }
