uuid: 2e240a0e-215f-4ef6-beca-b4a5b021f5bc
langcode: en
status: true
dependencies:
  content:
    - 'block_content:basic:2665335e-9166-4464-828c-00c9a4106868'
  module:
    - block_content
  theme:
    - olivero
id: olivero_welcomeblock
theme: olivero
region: sidebar
weight: 0
provider: null
plugin: 'block_content:2665335e-9166-4464-828c-00c9a4106868'
settings:
  id: 'block_content:2665335e-9166-4464-828c-00c9a4106868'
  label: 'Welcome Block'
  label_display: '0'
  provider: block_content
  status: true
  info: ''
  view_mode: full
visibility: {  }
