uuid: 27faabbf-e5b5-4015-bc98-cd2f494df615
langcode: en
status: true
dependencies:
  module:
    - rsvplist
  theme:
    - simplesmart
id: simplesmart_thersvpblock
theme: simplesmart
region: content
weight: 0
provider: null
plugin: rsvp_block
settings:
  id: rsvp_block
  label: 'The RSVP Block'
  label_display: visible
  provider: rsvplist
visibility: {  }
