uuid: ab6f70c3-7b05-4ef7-b9b0-44b37fb64bdb
langcode: en
status: true
dependencies:
  module:
    - rsvplist
  theme:
    - simplesmart
id: simplesmart_thersvpblock
theme: simplesmart
region: content
weight: 1
provider: null
plugin: rsvp_block
settings:
  id: rsvp_block
  label: 'The RSVP Block'
  label_display: visible
  provider: rsvplist
visibility: {  }
